
Microsoft Visual Studio Solution File, Format Version 12.00
# Visual Studio Version 17
VisualStudioVersion = 17.1.32328.378
MinimumVisualStudioVersion = 10.0.40219.1
Project("{9A19103F-16F7-4668-BE54-9A1E7A4F7556}") = "SchoolDB.Domain", "SchoolDB.Domain\SchoolDB.Domain.csproj", "{008DF3A0-7309-46DB-9197-9DD8D7B21D94}"
EndProject
Project("{9A19103F-16F7-4668-BE54-9A1E7A4F7556}") = "SchoolDB.Infraestructure", "SchoolDB.Infraestructure\SchoolDB.Infraestructure.csproj", "{AFB32CA2-60EE-4B01-82C3-A4FF72DD54EA}"
EndProject
Project("{9A19103F-16F7-4668-BE54-9A1E7A4F7556}") = "SchoolDB.Appcore", "SchoolDB.Appcore\SchoolDB.Appcore.csproj", "{0D76C8E1-62FF-4376-A87E-816E9C21009B}"
EndProject
Project("{FAE04EC0-301F-11D3-BF4B-00C04F79EFBC}") = "SchoolDB.Presentation", "SchoolDB.Presentation\SchoolDB.Presentation.csproj", "{1658328D-B304-456E-97C7-CE236575AF4A}"
EndProject
Global
	GlobalSection(SolutionConfigurationPlatforms) = preSolution
		Debug|Any CPU = Debug|Any CPU
		Release|Any CPU = Release|Any CPU
	EndGlobalSection
	GlobalSection(ProjectConfigurationPlatforms) = postSolution
		{008DF3A0-7309-46DB-9197-9DD8D7B21D94}.Debug|Any CPU.ActiveCfg = Debug|Any CPU
		{008DF3A0-7309-46DB-9197-9DD8D7B21D94}.Debug|Any CPU.Build.0 = Debug|Any CPU
		{008DF3A0-7309-46DB-9197-9DD8D7B21D94}.Release|Any CPU.ActiveCfg = Release|Any CPU
		{008DF3A0-7309-46DB-9197-9DD8D7B21D94}.Release|Any CPU.Build.0 = Release|Any CPU
		{AFB32CA2-60EE-4B01-82C3-A4FF72DD54EA}.Debug|Any CPU.ActiveCfg = Debug|Any CPU
		{AFB32CA2-60EE-4B01-82C3-A4FF72DD54EA}.Debug|Any CPU.Build.0 = Debug|Any CPU
		{AFB32CA2-60EE-4B01-82C3-A4FF72DD54EA}.Release|Any CPU.ActiveCfg = Release|Any CPU
		{AFB32CA2-60EE-4B01-82C3-A4FF72DD54EA}.Release|Any CPU.Build.0 = Release|Any CPU
		{0D76C8E1-62FF-4376-A87E-816E9C21009B}.Debug|Any CPU.ActiveCfg = Debug|Any CPU
		{0D76C8E1-62FF-4376-A87E-816E9C21009B}.Debug|Any CPU.Build.0 = Debug|Any CPU
		{0D76C8E1-62FF-4376-A87E-816E9C21009B}.Release|Any CPU.ActiveCfg = Release|Any CPU
		{0D76C8E1-62FF-4376-A87E-816E9C21009B}.Release|Any CPU.Build.0 = Release|Any CPU
		{1658328D-B304-456E-97C7-CE236575AF4A}.Debug|Any CPU.ActiveCfg = Debug|Any CPU
		{1658328D-B304-456E-97C7-CE236575AF4A}.Debug|Any CPU.Build.0 = Debug|Any CPU
		{1658328D-B304-456E-97C7-CE236575AF4A}.Release|Any CPU.ActiveCfg = Release|Any CPU
		{1658328D-B304-456E-97C7-CE236575AF4A}.Release|Any CPU.Build.0 = Release|Any CPU
	EndGlobalSection
	GlobalSection(SolutionProperties) = preSolution
		HideSolutionNode = FALSE
	EndGlobalSection
	GlobalSection(ExtensibilityGlobals) = postSolution
		SolutionGuid = {09E63A7B-53EE-4602-A267-E9A5D0E63A81}
	EndGlobalSection
EndGlobal
